{"0.0.1",
 [{<<"cowboy">>,
   {pkg,<<"cowboy">>,<<"2.8.0">>},
   135},
  {<<"cowlib">>,
   {pkg,<<"cowlib">>,<<"2.9.1">>},
   112},
  {<<"ranch">>,
   {pkg,<<"ranch">>,<<"1.7.1">>},
   98},
  {<<"jsx">>,
   {pkg,<<"jsx">>,<<"3.0.0">>},
   105}],
 [{pkg,<<"cowboy">>,<<"2.8.0">>,
   <<"https://repo.hex.pm/tarballs/cowboy-2.8.0.tar">>,
   <<"10a232b1ad97efb3397c9a7f761af3c6b1fb9f9a0a9081ff07dc4d96b65e2399">>},
  {pkg,<<"cowlib">>,<<"2.9.1">>,
   <<"https://repo.hex.pm/tarballs/cowlib-2.9.1.tar">>,
   <<"13d403a2a8f173599570d476b5d9d91f5203216766b9066b8efc1b0c19644e4d">>},
  {pkg,<<"ranch">>,<<"1.7.1">>,
   <<"https://repo.hex.pm/tarballs/ranch-1.7.1.tar">>,
   <<"f434d3f2e99bba5e7ff7ed1c9a36e2e8c34ff3ec5ed9f8ad6db17f25d18e7b1d">>},
  {pkg,<<"jsx">>,<<"3.0.0">>,
   <<"https://repo.hex.pm/tarballs/jsx-3.0.0.tar">>,
   <<"579f182d6deae63fb8d4e54793a9ff5a06b53b972e77dff18ed9e8dc12c650f0">>}]}.
